// !$*UTF8*$!
{
	archiveVersion = 1;
	classes = {
	};
	objectVersion = 50;
	objects = {

/* Begin PBXBuildFile section */
		19940CBEF60B6BF0DD92CB92 /* Pods_Vote.framework in Frameworks */ = {isa = PBXBuildFile; fileRef = 90AD0ED928CC879406F3A9CB /* Pods_Vote.framework */; };
		B4258AD222299C29007303CD /* ResultsController.swift in Sources */ = {isa = PBXBuildFile; fileRef = B4258AD122299C29007303CD /* ResultsController.swift */; };
		B4258AD6222A03F9007303CD /* GoogleService-Info.plist in Resources */ = {isa = PBXBuildFile; fileRef = B4258AD5222A03F9007303CD /* GoogleService-Info.plist */; };
		B4B5DCFA2228E2B0005FA7CB /* AppDelegate.swift in Sources */ = {isa = PBXBuildFile; fileRef = B4B5DCF92228E2B0005FA7CB /* AppDelegate.swift */; };
		B4B5DCFC2228E2B0005FA7CB /* ViewController.swift in Sources */ = {isa = PBXBuildFile; fileRef = B4B5DCFB2228E2B0005FA7CB /* ViewController.swift */; };
		B4B5DCFF2228E2B0005FA7CB /* Main.storyboard in Resources */ = {isa = PBXBuildFile; fileRef = B4B5DCFD2228E2B0005FA7CB /* Main.storyboard */; };
		B4B5DD012228E2B2005FA7CB /* Assets.xcassets in Resources */ = {isa = PBXBuildFile; fileRef = B4B5DD002228E2B2005FA7CB /* Assets.xcassets */; };
		B4B5DD042228E2B2005FA7CB /* LaunchScreen.storyboard in Resources */ = {isa = PBXBuildFile; fileRef = B4B5DD022228E2B2005FA7CB /* LaunchScreen.storyboard */; };
/* End PBXBuildFile section */

/* Begin PBXFileReference section */
		5A8690EFFD7A1A5547738A6D /* Pods-Vote.debug.xcconfig */ = {isa = PBXFileReference; includeInIndex = 1; lastKnownFileType = text.xcconfig; name = "Pods-Vote.debug.xcconfig"; path = "Target Support Files/Pods-Vote/Pods-Vote.debug.xcconfig"; sourceTree = "<group>"; };
		90AD0ED928CC879406F3A9CB /* Pods_Vote.framework */ = {isa = PBXFileReference; explicitFileType = wrapper.framework; includeInIndex = 0; path = Pods_Vote.framework; sourceTree = BUILT_PRODUCTS_DIR; };
		9B29FED00A5568F3B9B027B1 /* Pods-Vote.release.xcconfig */ = {isa = PBXFileReference; includeInIndex = 1; lastKnownFileType = text.xcconfig; name = "Pods-Vote.release.xcconfig"; path = "Target Support Files/Pods-Vote/Pods-Vote.release.xcconfig"; sourceTree = "<group>"; };
		B4258AD122299C29007303CD /* ResultsController.swift */ = {isa = PBXFileReference; lastKnownFileType = sourcecode.swift; path = ResultsController.swift; sourceTree = "<group>"; };
		B4258AD5222A03F9007303CD /* GoogleService-Info.plist */ = {isa = PBXFileReference; fileEncoding = 4; lastKnownFileType = text.plist.xml; path = "GoogleService-Info.plist"; sourceTree = "<group>"; };
		B4B5DCF62228E2B0005FA7CB /* Vote.app */ = {isa = PBXFileReference; explicitFileType = wrapper.application; includeInIndex = 0; path = Vote.app; sourceTree = BUILT_PRODUCTS_DIR; };
		B4B5DCF92228E2B0005FA7CB /* AppDelegate.swift */ = {isa = PBXFileReference; lastKnownFileType = sourcecode.swift; path = AppDelegate.swift; sourceTree = "<group>"; };
		B4B5DCFB2228E2B0005FA7CB /* ViewController.swift */ = {isa = PBXFileReference; lastKnownFileType = sourcecode.swift; path = ViewController.swift; sourceTree = "<group>"; };
		B4B5DCFE2228E2B0005FA7CB /* Base */ = {isa = PBXFileReference; lastKnownFileType = file.storyboard; name = Base; path = Base.lproj/Main.storyboard; sourceTree = "<group>"; };
		B4B5DD002228E2B2005FA7CB /* Assets.xcassets */ = {isa = PBXFileReference; lastKnownFileType = folder.assetcatalog; path = Assets.xcassets; sourceTree = "<group>"; };
		B4B5DD032228E2B2005FA7CB /* Base */ = {isa = PBXFileReference; lastKnownFileType = file.storyboard; name = Base; path = Base.lproj/LaunchScreen.storyboard; sourceTree = "<group>"; };
		B4B5DD052228E2B2005FA7CB /* Info.plist */ = {isa = PBXFileReference; lastKnownFileType = text.plist.xml; path = Info.plist; sourceTree = "<group>"; };
/* End PBXFileReference section */

/* Begin PBXFrameworksBuildPhase section */
		B4B5DCF32228E2B0005FA7CB /* Frameworks */ = {
			isa = PBXFrameworksBuildPhase;
			buildActionMask = 2147483647;
			files = (
				19940CBEF60B6BF0DD92CB92 /* Pods_Vote.framework in Frameworks */,
			);
			runOnlyForDeploymentPostprocessing = 0;
		};
/* End PBXFrameworksBuildPhase section */

/* Begin PBXGroup section */
		A2DED6C9A68FA4B904FF13E9 /* Pods */ = {
			isa = PBXGroup;
			children = (
				5A8690EFFD7A1A5547738A6D /* Pods-Vote.debug.xcconfig */,
				9B29FED00A5568F3B9B027B1 /* Pods-Vote.release.xcconfig */,
			);
			path = Pods;
			sourceTree = "<group>";
		};
		B4B5DCED2228E2B0005FA7CB = {
			isa = PBXGroup;
			children = (
				B4B5DCF82228E2B0005FA7CB /* Vote */,
				B4B5DCF72228E2B0005FA7CB /* Products */,
				A2DED6C9A68FA4B904FF13E9 /* Pods */,
				ECB4268044C1FF6D3E789A15 /* Frameworks */,
			);
			sourceTree = "<group>";
		};
		B4B5DCF72228E2B0005FA7CB /* Products */ = {
			isa = PBXGroup;
			children = (
				B4B5DCF62228E2B0005FA7CB /* Vote.app */,
			);
			name = Products;
			sourceTree = "<group>";
		};
		B4B5DCF82228E2B0005FA7CB /* Vote */ = {
			isa = PBXGroup;
			children = (
				B4258AD5222A03F9007303CD /* GoogleService-Info.plist */,
				B4B5DCF92228E2B0005FA7CB /* AppDelegate.swift */,
				B4B5DCFB2228E2B0005FA7CB /* ViewController.swift */,
				B4258AD122299C29007303CD /* ResultsController.swift */,
				B4B5DCFD2228E2B0005FA7CB /* Main.storyboard */,
				B4B5DD002228E2B2005FA7CB /* Assets.xcassets */,
				B4B5DD022228E2B2005FA7CB /* LaunchScreen.storyboard */,
				B4B5DD052228E2B2005FA7CB /* Info.plist */,
			);
			path = Vote;
			sourceTree = "<group>";
		};
		ECB4268044C1FF6D3E789A15 /* Frameworks */ = {
			isa = PBXGroup;
			children = (
				90AD0ED928CC879406F3A9CB /* Pods_Vote.framework */,
			);
			name = Frameworks;
			sourceTree = "<group>";
		};
/* End PBXGroup section */

/* Begin PBXNativeTarget section */
		B4B5DCF52228E2B0005FA7CB /* Vote */ = {
			isa = PBXNativeTarget;
			buildConfigurationList = B4B5DD082228E2B2005FA7CB /* Build configuration list for PBXNativeTarget "Vote" */;
			buildPhases = (
				819A24BCA35DDDF45C405F78 /* [CP] Check Pods Manifest.lock */,
				B4B5DCF22228E2B0005FA7CB /* Sources */,
				B4B5DCF32228E2B0005FA7CB /* Frameworks */,
				B4B5DCF42228E2B0005FA7CB /* Resources */,
				B1E3AB68995F52042804A698 /* [CP] Embed Pods Frameworks */,
			);
			buildRules = (
			);
			dependencies = (
			);
			name = Vote;
			productName = Vote;
			productReference = B4B5DCF62228E2B0005FA7CB /* Vote.app */;
			productType = "com.apple.product-type.application";
		};
/* End PBXNativeTarget section */

/* Begin PBXProject section */
		B4B5DCEE2228E2B0005FA7CB /* Project object */ = {
			isa = PBXProject;
			attributes = {
				LastSwiftUpdateCheck = 1010;
				LastUpgradeCheck = 1010;
				ORGANIZATIONNAME = "Dylan Tasat";
				TargetAttributes = {
					B4B5DCF52228E2B0005FA7CB = {
						CreatedOnToolsVersion = 10.1;
					};
				};
			};
			buildConfigurationList = B4B5DCF12228E2B0005FA7CB /* Build configuration list for PBXProject "Vote" */;
			compatibilityVersion = "Xcode 9.3";
			developmentRegion = en;
			hasScannedForEncodings = 0;
			knownRegions = (
				en,
				Base,
			);
			mainGroup = B4B5DCED2228E2B0005FA7CB;
			productRefGroup = B4B5DCF72228E2B0005FA7CB /* Products */;
			projectDirPath = "";
			projectRoot = "";
			targets = (
				B4B5DCF52228E2B0005FA7CB /* Vote */,
			);
		};
/* End PBXProject section */

/* Begin PBXResourcesBuildPhase section */
		B4B5DCF42228E2B0005FA7CB /* Resources */ = {
			isa = PBXResourcesBuildPhase;
			buildActionMask = 2147483647;
			files = (
				B4B5DD042228E2B2005FA7CB /* LaunchScreen.storyboard in Resources */,
				B4258AD6222A03F9007303CD /* GoogleService-Info.plist in Resources */,
				B4B5DD012228E2B2005FA7CB /* Assets.xcassets in Resources */,
				B4B5DCFF2228E2B0005FA7CB /* Main.storyboard in Resources */,
			);
			runOnlyForDeploymentPostprocessing = 0;
		};
/* End PBXResourcesBuildPhase section */

/* Begin PBXShellScriptBuildPhase section */
		819A24BCA35DDDF45C405F78 /* [CP] Check Pods Manifest.lock */ = {
			isa = PBXShellScriptBuildPhase;
			buildActionMask = 2147483647;
			files = (
			);
			inputFileListPaths = (
			);
			inputPaths = (
				"${PODS_PODFILE_DIR_PATH}/Podfile.lock",
				"${PODS_ROOT}/Manifest.lock",
			);
			name = "[CP] Check Pods Manifest.lock";
			outputFileListPaths = (
			);
			outputPaths = (
				"$(DERIVED_FILE_DIR)/Pods-Vote-checkManifestLockResult.txt",
			);
			runOnlyForDeploymentPostprocessing = 0;
			shellPath = /bin/sh;
			shellScript = "diff \"${PODS_PODFILE_DIR_PATH}/Podfile.lock\" \"${PODS_ROOT}/Manifest.lock\" > /dev/null\nif [ $? != 0 ] ; then\n    # print error to STDERR\n    echo \"error: The sandbox is not in sync with the Podfile.lock. Run 'pod install' or update your CocoaPods installation.\" >&2\n    exit 1\nfi\n# This output is used by Xcode 'outputs' to avoid re-running this script phase.\necho \"SUCCESS\" > \"${SCRIPT_OUTPUT_FILE_0}\"\n";
			showEnvVarsInLog = 0;
		};
		B1E3AB68995F52042804A698 /* [CP] Embed Pods Frameworks */ = {
			isa = PBXShellScriptBuildPhase;
			buildActionMask = 2147483647;
			files = (
			);
			inputFileListPaths = (
			);
			inputPaths = (
				"${PODS_ROOT}/Target Support Files/Pods-Vote/Pods-Vote-frameworks.sh",
				"${BUILT_PRODUCTS_DIR}/Charts/Charts.framework",
				"${BUILT_PRODUCTS_DIR}/GoogleUtilities/GoogleUtilities.framework",
				"${BUILT_PRODUCTS_DIR}/leveldb-library/leveldb.framework",
				"${BUILT_PRODUCTS_DIR}/nanopb/nanopb.framework",
			);
			name = "[CP] Embed Pods Frameworks";
			outputFileListPaths = (
			);
			outputPaths = (
				"${TARGET_BUILD_DIR}/${FRAMEWORKS_FOLDER_PATH}/Charts.framework",
				"${TARGET_BUILD_DIR}/${FRAMEWORKS_FOLDER_PATH}/GoogleUtilities.framework",
				"${TARGET_BUILD_DIR}/${FRAMEWORKS_FOLDER_PATH}/leveldb.framework",
				"${TARGET_BUILD_DIR}/${FRAMEWORKS_FOLDER_PATH}/nanopb.framework",
			);
			runOnlyForDeploymentPostprocessing = 0;
			shellPath = /bin/sh;
			shellScript = "\"${PODS_ROOT}/Target Support Files/Pods-Vote/Pods-Vote-frameworks.sh\"\n";
			showEnvVarsInLog = 0;
		};
/* End PBXShellScriptBuildPhase section */

/* Begin PBXSourcesBuildPhase section */
		B4B5DCF22228E2B0005FA7CB /* Sources */ = {
			isa = PBXSourcesBuildPhase;
			buildActionMask = 2147483647;
			files = (
				B4B5DCFC2228E2B0005FA7CB /* ViewController.swift in Sources */,
				B4B5DCFA2228E2B0005FA7CB /* AppDelegate.swift in Sources */,
				B4258AD222299C29007303CD /* ResultsController.swift in Sources */,
			);
			runOnlyForDeploymentPostprocessing = 0;
		};
/* End PBXSourcesBuildPhase section */

/* Begin PBXVariantGroup section */
		B4B5DCFD2228E2B0005FA7CB /* Main.storyboard */ = {
			isa = PBXVariantGroup;
			children = (
				B4B5DCFE2228E2B0005FA7CB /* Base */,
			);
			name = Main.storyboard;
			sourceTree = "<group>";
		};
		B4B5DD022228E2B2005FA7CB /* LaunchScreen.storyboard */ = {
			isa = PBXVariantGroup;
			children = (
				B4B5DD032228E2B2005FA7CB /* Base */,
			);
			name = LaunchScreen.storyboard;
			sourceTree = "<group>";
		};
/* End PBXVariantGroup section */

/* Begin XCBuildConfiguration section */
		B4B5DD062228E2B2005FA7CB /* Debug */ = {
			isa = XCBuildConfiguration;
			buildSettings = {
				ALWAYS_SEARCH_USER_PATHS = NO;
				CLANG_ANALYZER_NONNULL = YES;
				CLANG_ANALYZER_NUMBER_OBJECT_CONVERSION = YES_AGGRESSIVE;
				CLANG_CXX_LANGUAGE_STANDARD = "gnu++14";
				CLANG_CXX_LIBRARY = "libc++";
				CLANG_ENABLE_MODULES = YES;
				CLANG_ENABLE_OBJC_ARC = YES;
				CLANG_ENABLE_OBJC_WEAK = YES;
				CLANG_WARN_BLOCK_CAPTURE_AUTORELEASING = YES;
				CLANG_WARN_BOOL_CONVERSION = YES;
				CLANG_WARN_COMMA = YES;
				CLANG_WARN_CONSTANT_CONVERSION = YES;
				CLANG_WARN_DEPRECATED_OBJC_IMPLEMENTATIONS = YES;
				CLANG_WARN_DIRECT_OBJC_ISA_USAGE = YES_ERROR;
				CLANG_WARN_DOCUMENTATION_COMMENTS = YES;
				CLANG_WARN_EMPTY_BODY = YES;
				CLANG_WARN_ENUM_CONVERSION = YES;
				CLANG_WARN_INFINITE_RECURSION = YES;
				CLANG_WARN_INT_CONVERSION = YES;
				CLANG_WARN_NON_LITERAL_NULL_CONVERSION = YES;
				CLANG_WARN_OBJC_IMPLICIT_RETAIN_SELF = YES;
				CLANG_WARN_OBJC_LITERAL_CONVERSION = YES;
				CLANG_WARN_OBJC_ROOT_CLASS = YES_ERROR;
				CLANG_WARN_RANGE_LOOP_ANALYSIS = YES;
				CLANG_WARN_STRICT_PROTOTYPES = YES;
				CLANG_WARN_SUSPICIOUS_MOVE = YES;
				CLANG_WARN_UNGUARDED_AVAILABILITY = YES_AGGRESSIVE;
				CLANG_WARN_UNREACHABLE_CODE = YES;
				CLANG_WARN__DUPLICATE_METHOD_MATCH = YES;
				CODE_SIGN_IDENTITY = "iPhone Developer";
				COPY_PHASE_STRIP = NO;
				DEBUG_INFORMATION_FORMAT = dwarf;
				ENABLE_STRICT_OBJC_MSGSEND = YES;
				ENABLE_TESTABILITY = YES;
				GCC_C_LANGUAGE_STANDARD = gnu11;
				GCC_DYNAMIC_NO_PIC = NO;
				GCC_NO_COMMON_BLOCKS = YES;
				GCC_OPTIMIZATION_LEVEL = 0;
				GCC_PREPROCESSOR_DEFINITIONS = (
					"DEBUG=1",
					"$(inherited)",
				);
				GCC_WARN_64_TO_32_BIT_CONVERSION = YES;
				GCC_WARN_ABOUT_RETURN_TYPE = YES_ERROR;
				GCC_WARN_UNDECLARED_SELECTOR = YES;
				GCC_WARN_UNINITIALIZED_AUTOS = YES_AGGRESSIVE;
				GCC_WARN_UNUSED_FUNCTION = YES;
				GCC_WARN_UNUSED_VARIABLE = YES;
				IPHONEOS_DEPLOYMENT_TARGET = 12.1;
				MTL_ENABLE_DEBUG_INFO = INCLUDE_SOURCE;
				MTL_FAST_MATH = YES;
				ONLY_ACTIVE_ARCH = YES;
				SDKROOT = iphoneos;
				SWIFT_ACTIVE_COMPILATION_CONDITIONS = DEBUG;
				SWIFT_OPTIMIZATION_LEVEL = "-Onone";
			};
			name = Debug;
		};
		B4B5DD072228E2B2005FA7CB /* Release */ = {
			isa = XCBuildConfiguration;
			buildSettings = {
				ALWAYS_SEARCH_USER_PATHS = NO;
				CLANG_ANALYZER_NONNULL = YES;
				CLANG_ANALYZER_NUMBER_OBJECT_CONVERSION = YES_AGGRESSIVE;
				CLANG_CXX_LANGUAGE_STANDARD = "gnu++14";
				CLANG_CXX_LIBRARY = "libc++";
				CLANG_ENABLE_MODULES = YES;
				CLANG_ENABLE_OBJC_ARC = YES;
				CLANG_ENABLE_OBJC_WEAK = YES;
				CLANG_WARN_BLOCK_CAPTURE_AUTORELEASING = YES;
				CLANG_WARN_BOOL_CONVERSION = YES;
				CLANG_WARN_COMMA = YES;
				CLANG_WARN_CONSTANT_CONVERSION = YES;
				CLANG_WARN_DEPRECATED_OBJC_IMPLEMENTATIONS = YES;
				CLANG_WARN_DIRECT_OBJC_ISA_USAGE = YES_ERROR;
				CLANG_WARN_DOCUMENTATION_COMMENTS = YES;
				CLANG_WARN_EMPTY_BODY = YES;
				CLANG_WARN_ENUM_CONVERSION = YES;
				CLANG_WARN_INFINITE_RECURSION = YES;
				CLANG_WARN_INT_CONVERSION = YES;
				CLANG_WARN_NON_LITERAL_NULL_CONVERSION = YES;
				CLANG_WARN_OBJC_IMPLICIT_RETAIN_SELF = YES;
				CLANG_WARN_OBJC_LITERAL_CONVERSION = YES;
				CLANG_WARN_OBJC_ROOT_CLASS = YES_ERROR;
				CLANG_WARN_RANGE_LOOP_ANALYSIS = YES;
				CLANG_WARN_STRICT_PROTOTYPES = YES;
				CLANG_WARN_SUSPICIOUS_MOVE = YES;
				CLANG_WARN_UNGUARDED_AVAILABILITY = YES_AGGRESSIVE;
				CLANG_WARN_UNREACHABLE_CODE = YES;
				CLANG_WARN__DUPLICATE_METHOD_MATCH = YES;
				CODE_SIGN_IDENTITY = "iPhone Developer";
				COPY_PHASE_STRIP = NO;
				DEBUG_INFORMATION_FORMAT = "dwarf-with-dsym";
				ENABLE_NS_ASSERTIONS = NO;
				ENABLE_STRICT_OBJC_MSGSEND = YES;
				GCC_C_LANGUAGE_STANDARD = gnu11;
				GCC_NO_COMMON_BLOCKS = YES;
				GCC_WARN_64_TO_32_BIT_CONVERSION = YES;
				GCC_WARN_ABOUT_RETURN_TYPE = YES_ERROR;
				GCC_WARN_UNDECLARED_SELECTOR = YES;
				GCC_WARN_UNINITIALIZED_AUTOS = YES_AGGRESSIVE;
				GCC_WARN_UNUSED_FUNCTION = YES;
				GCC_WARN_UNUSED_VARIABLE = YES;
				IPHONEOS_DEPLOYMENT_TARGET = 12.1;
				MTL_ENABLE_DEBUG_INFO = NO;
				MTL_FAST_MATH = YES;
				SDKROOT = iphoneos;
				SWIFT_COMPILATION_MODE = wholemodule;
				SWIFT_OPTIMIZATION_LEVEL = "-O";
				VALIDATE_PRODUCT = YES;
			};
			name = Release;
		};
		B4B5DD092228E2B2005FA7CB /* Debug */ = {
			isa = XCBuildConfiguration;
			baseConfigurationReference = 5A8690EFFD7A1A5547738A6D /* Pods-Vote.debug.xcconfig */;
			buildSettings = {
				ASSETCATALOG_COMPILER_APPICON_NAME = AppIcon;
				CODE_SIGN_IDENTITY = "iPhone Developer";
				CODE_SIGN_STYLE = Automatic;
				DEVELOPMENT_TEAM = UXRVPY7HHA;
				INFOPLIST_FILE = Vote/Info.plist;
				LD_RUNPATH_SEARCH_PATHS = (
					"$(inherited)",
					"@executable_path/Frameworks",
				);
				PRODUCT_BUNDLE_IDENTIFIER = gdt.Vote;
				PRODUCT_NAME = "$(TARGET_NAME)";
				PROVISIONING_PROFILE_SPECIFIER = "";
				SWIFT_VERSION = 4.2;
				TARGETED_DEVICE_FAMILY = "1,2";
			};
			name = Debug;
		};
		B4B5DD0A2228E2B2005FA7CB /* Release */ = {
			isa = XCBuildConfiguration;
			baseConfigurationReference = 9B29FED00A5568F3B9B027B1 /* Pods-Vote.release.xcconfig */;
			buildSettings = {
				ASSETCATALOG_COMPILER_APPICON_NAME = AppIcon;
				CODE_SIGN_IDENTITY = "iPhone Developer";
				CODE_SIGN_STYLE = Automatic;
				DEVELOPMENT_TEAM = UXRVPY7HHA;
				INFOPLIST_FILE = Vote/Info.plist;
				LD_RUNPATH_SEARCH_PATHS = (
					"$(inherited)",
					"@executable_path/Frameworks",
				);
				PRODUCT_BUNDLE_IDENTIFIER = gdt.Vote;
				PRODUCT_NAME = "$(TARGET_NAME)";
				PROVISIONING_PROFILE_SPECIFIER = "";
				SWIFT_VERSION = 4.2;
				TARGETED_DEVICE_FAMILY = "1,2";
			};
			name = Release;
		};
/* End XCBuildConfiguration section */

/* Begin XCConfigurationList section */
		B4B5DCF12228E2B0005FA7CB /* Build configuration list for PBXProject "Vote" */ = {
			isa = XCConfigurationList;
			buildConfigurations = (
				B4B5DD062228E2B2005FA7CB /* Debug */,
				B4B5DD072228E2B2005FA7CB /* Release */,
			);
			defaultConfigurationIsVisible = 0;
			defaultConfigurationName = Release;
		};
		B4B5DD082228E2B2005FA7CB /* Build configuration list for PBXNativeTarget "Vote" */ = {
			isa = XCConfigurationList;
			buildConfigurations = (
				B4B5DD092228E2B2005FA7CB /* Debug */,
				B4B5DD0A2228E2B2005FA7CB /* Release */,
			);
			defaultConfigurationIsVisible = 0;
			defaultConfigurationName = Release;
		};
/* End XCConfigurationList section */
	};
	rootObject = B4B5DCEE2228E2B0005FA7CB /* Project object */;
}
